
Microsoft Visual Studio Solution File, Format Version 12.00
# Visual Studio 15
VisualStudioVersion = 15.0.27130.2010
MinimumVisualStudioVersion = 10.0.40219.1
Project("{FAE04EC0-301F-11D3-BF4B-00C04F79EFBC}") = "SlideVerifyingCodeMosaicSynthesizer", "SlideVerifyingCodeMosaicSynthesizer\SlideVerifyingCodeMosaicSynthesizer.csproj", "{053C7653-BD53-4B2D-88EA-3BC05FE14566}"
EndProject
Global
	GlobalSection(SolutionConfigurationPlatforms) = preSolution
		Debug|Any CPU = Debug|Any CPU
		Release|Any CPU = Release|Any CPU
	EndGlobalSection
	GlobalSection(ProjectConfigurationPlatforms) = postSolution
		{053C7653-BD53-4B2D-88EA-3BC05FE14566}.Debug|Any CPU.ActiveCfg = Debug|Any CPU
		{053C7653-BD53-4B2D-88EA-3BC05FE14566}.Debug|Any CPU.Build.0 = Debug|Any CPU
		{053C7653-BD53-4B2D-88EA-3BC05FE14566}.Release|Any CPU.ActiveCfg = Release|Any CPU
		{053C7653-BD53-4B2D-88EA-3BC05FE14566}.Release|Any CPU.Build.0 = Release|Any CPU
	EndGlobalSection
	GlobalSection(SolutionProperties) = preSolution
		HideSolutionNode = FALSE
	EndGlobalSection
	GlobalSection(ExtensibilityGlobals) = postSolution
		SolutionGuid = {695F163F-6FD6-4E41-BAAB-A4C6170ACA6D}
	EndGlobalSection
EndGlobal
